	<Project xmlns="http://schemas.microsoft.com/developer/msbuild/2003">
		<PropertyGroup>
			<ProjectGuid>{DFE0C3CB-0C70-4AC5-8ED3-99967EDBFD60}</ProjectGuid>
			<MainSource>dutil_rtl.dpk</MainSource>
			<ProjectVersion>12.0</ProjectVersion>
			<Config Condition="'$(Config)'==''">Debug</Config>
			<DCC_DCCCompiler>DCC32</DCC_DCCCompiler>
		</PropertyGroup>
		<PropertyGroup Condition="'$(Config)'=='Base' or '$(Base)'!=''">
			<Base>true</Base>
		</PropertyGroup>
		<PropertyGroup Condition="'$(Config)'=='Release' or '$(Cfg_1)'!=''">
			<Cfg_1>true</Cfg_1>
			<CfgParent>Base</CfgParent>
			<Base>true</Base>
		</PropertyGroup>
		<PropertyGroup Condition="'$(Config)'=='Debug' or '$(Cfg_2)'!=''">
			<Cfg_2>true</Cfg_2>
			<CfgParent>Base</CfgParent>
			<Base>true</Base>
		</PropertyGroup>
		<PropertyGroup Condition="'$(Base)'!=''">
			<DCC_IMPLICIT_IMPORT>false</DCC_IMPLICIT_IMPORT>
			<RuntimeOnlyPackage>true</RuntimeOnlyPackage>
			<DCC_DUPLICATE_CTOR_DTOR>false</DCC_DUPLICATE_CTOR_DTOR>
			<DesignOnlyPackage>false</DesignOnlyPackage>
			<DCC_DependencyCheckOutputName>C:\Users\Public\Documents\RAD Studio\7.0\Bpl\dutil_rtl.bpl</DCC_DependencyCheckOutputName>
			<DCC_UnitAlias>WinTypes=Windows;WinProcs=Windows;DbiTypes=BDE;DbiProcs=BDE;DbiErrs=BDE;$(DCC_UnitAlias)</DCC_UnitAlias>
			<DCC_DcuOutput>..\..\lib</DCC_DcuOutput>
			<GenDll>true</GenDll>
			<GenPackage>true</GenPackage>
			<DCC_ImageBase>00400000</DCC_ImageBase>
			<DCC_Platform>x86</DCC_Platform>
		</PropertyGroup>
		<PropertyGroup Condition="'$(Cfg_1)'!=''">
			<DCC_LocalDebugSymbols>false</DCC_LocalDebugSymbols>
			<DCC_Define>RELEASE;$(DCC_Define)</DCC_Define>
			<DCC_SymbolReferenceInfo>0</DCC_SymbolReferenceInfo>
			<DCC_DebugInformation>false</DCC_DebugInformation>
		</PropertyGroup>
		<PropertyGroup Condition="'$(Cfg_2)'!=''">
			<DCC_Define>DEBUG;$(DCC_Define)</DCC_Define>
		</PropertyGroup>
		<ItemGroup>
			<DelphiCompile Include="dutil_rtl.dpk">
				<MainSource>MainSource</MainSource>
			</DelphiCompile>
			<DCCReference Include="rtl.dcp"/>
			<DCCReference Include="..\..\src\dutil.util.container.DynArray.pas"/>
			<DCCReference Include="..\..\src\dutil.core.Exception.pas"/>
			<DCCReference Include="..\..\src\dutil.core.NonRefCountedInterfacedObject.pas"/>
			<DCCReference Include="..\..\src\dutil.io.device.File_.pas"/>
			<DCCReference Include="..\..\src\dutil.io.device.TempFile.pas"/>
			<DCCReference Include="..\..\src\dutil.sys.win32.Platform.pas"/>
			<DCCReference Include="..\..\src\dutil.sys.win32.Process.pas"/>
			<DCCReference Include="..\..\src\dutil.sys.win32.registry.Validation.pas"/>
			<DCCReference Include="..\..\src\dutil.sys.win32.registry.Writer.pas"/>
			<DCCReference Include="..\..\src\dutil.sys.win32.SpecialPath.pas"/>
			<DCCReference Include="..\..\src\dutil.sys.win32.SubclassingWindow.pas"/>
			<DCCReference Include="..\..\src\dutil.text.arg.Arg.pas"/>
			<DCCReference Include="..\..\src\dutil.text.arg.Arguments.pas"/>
			<DCCReference Include="..\..\src\dutil.text.arg.Builder.pas"/>
			<DCCReference Include="..\..\src\dutil.text.Convert.pas"/>
			<DCCReference Include="..\..\src\dutil.text.json.Json.pas"/>
			<DCCReference Include="..\..\src\dutil.text.json.Validation.pas"/>
			<DCCReference Include="..\..\src\dutil.text.Util.pas"/>
			<DCCReference Include="..\..\src\dutil.text.xml.Validation.pas"/>
			<DCCReference Include="..\..\src\dutil.time.Time.pas"/>
			<DCCReference Include="..\..\src\dutil.util.concurrent.BlockingQueue.pas"/>
			<DCCReference Include="..\..\src\dutil.util.concurrent.FailSafeThread.pas"/>
			<DCCReference Include="..\..\src\dutil.util.concurrent.Result.pas"/>
			<DCCReference Include="..\..\src\dutil.util.concurrent.Timer.pas"/>
			<DCCReference Include="..\..\src\dutil.util.concurrent.TimerImpl.pas"/>
			<DCCReference Include="..\..\src\dutil.util.concurrent.TimerQueue.pas"/>
			<BuildConfiguration Include="Base">
				<Key>Base</Key>
			</BuildConfiguration>
			<BuildConfiguration Include="Debug">
				<Key>Cfg_2</Key>
				<CfgParent>Base</CfgParent>
			</BuildConfiguration>
			<BuildConfiguration Include="Release">
				<Key>Cfg_1</Key>
				<CfgParent>Base</CfgParent>
			</BuildConfiguration>
		</ItemGroup>
		<Import Project="$(BDS)\Bin\CodeGear.Delphi.Targets" Condition="Exists('$(BDS)\Bin\CodeGear.Delphi.Targets')"/>
		<ProjectExtensions>
			<Borland.Personality>Delphi.Personality.12</Borland.Personality>
			<Borland.ProjectType>Package</Borland.ProjectType>
			<BorlandProject>
				<Delphi.Personality>
					<Parameters>
						<Parameters Name="UseLauncher">False</Parameters>
						<Parameters Name="LoadAllSymbols">True</Parameters>
						<Parameters Name="LoadUnspecifiedSymbols">False</Parameters>
					</Parameters>
					<VersionInfo>
						<VersionInfo Name="IncludeVerInfo">True</VersionInfo>
						<VersionInfo Name="AutoIncBuild">False</VersionInfo>
						<VersionInfo Name="MajorVer">1</VersionInfo>
						<VersionInfo Name="MinorVer">0</VersionInfo>
						<VersionInfo Name="Release">0</VersionInfo>
						<VersionInfo Name="Build">0</VersionInfo>
						<VersionInfo Name="Debug">False</VersionInfo>
						<VersionInfo Name="PreRelease">False</VersionInfo>
						<VersionInfo Name="Special">False</VersionInfo>
						<VersionInfo Name="Private">False</VersionInfo>
						<VersionInfo Name="DLL">False</VersionInfo>
						<VersionInfo Name="Locale">1033</VersionInfo>
						<VersionInfo Name="CodePage">1252</VersionInfo>
					</VersionInfo>
					<VersionInfoKeys>
						<VersionInfoKeys Name="CompanyName"/>
						<VersionInfoKeys Name="FileDescription"/>
						<VersionInfoKeys Name="FileVersion">1.0.0.0</VersionInfoKeys>
						<VersionInfoKeys Name="InternalName"/>
						<VersionInfoKeys Name="LegalCopyright"/>
						<VersionInfoKeys Name="LegalTrademarks"/>
						<VersionInfoKeys Name="OriginalFilename"/>
						<VersionInfoKeys Name="ProductName"/>
						<VersionInfoKeys Name="ProductVersion">1.0.0.0</VersionInfoKeys>
						<VersionInfoKeys Name="Comments"/>
					</VersionInfoKeys>
					<Excluded_Packages>
						<Excluded_Packages Name="$(BDS)\bin\dclDataSnapServer140.bpl">Embarcadero DBExpress DataSnap Server Components</Excluded_Packages>
					</Excluded_Packages>
					<Source>
						<Source Name="MainSource">dutil_rtl.dpk</Source>
					</Source>
				</Delphi.Personality>
			</BorlandProject>
			<ProjectFileVersion>12</ProjectFileVersion>
		</ProjectExtensions>
	</Project>
